
Microsoft Visual Studio Solution File, Format Version 12.00
# Visual Studio Version 17
VisualStudioVersion = 17.4.33403.182
MinimumVisualStudioVersion = 10.0.40219.1
Project("{8BC9CEB8-8B4A-11D0-8D11-00A0C91BC942}") = "assaultware", "assaultware.vcxproj", "{90C6005B-2419-4B8E-88E6-E5F2033F038C}"
EndProject
Global
	GlobalSection(SolutionConfigurationPlatforms) = preSolution
		Debug|x64 = Debug|x64
		Debug|x86 = Debug|x86
		Release|x64 = Release|x64
		Release|x86 = Release|x86
	EndGlobalSection
	GlobalSection(ProjectConfigurationPlatforms) = postSolution
		{90C6005B-2419-4B8E-88E6-E5F2033F038C}.Debug|x64.ActiveCfg = Debug|x64
		{90C6005B-2419-4B8E-88E6-E5F2033F038C}.Debug|x64.Build.0 = Debug|x64
		{90C6005B-2419-4B8E-88E6-E5F2033F038C}.Debug|x86.ActiveCfg = Debug|Win32
		{90C6005B-2419-4B8E-88E6-E5F2033F038C}.Debug|x86.Build.0 = Debug|Win32
		{90C6005B-2419-4B8E-88E6-E5F2033F038C}.Release|x64.ActiveCfg = Release|x64
		{90C6005B-2419-4B8E-88E6-E5F2033F038C}.Release|x64.Build.0 = Release|x64
		{90C6005B-2419-4B8E-88E6-E5F2033F038C}.Release|x86.ActiveCfg = Release|Win32
		{90C6005B-2419-4B8E-88E6-E5F2033F038C}.Release|x86.Build.0 = Release|Win32
	EndGlobalSection
	GlobalSection(SolutionProperties) = preSolution
		HideSolutionNode = FALSE
	EndGlobalSection
	GlobalSection(ExtensibilityGlobals) = postSolution
		SolutionGuid = {A9DDF49F-C758-496C-BDED-A12F3BB3579D}
	EndGlobalSection
EndGlobal
